
Microsoft Visual Studio Solution File, Format Version 12.00
# Visual Studio 15
VisualStudioVersion = 15.0.28307.329
MinimumVisualStudioVersion = 10.0.40219.1
Project("{888888A0-9F3D-457C-B088-3A5042F75D52}") = "CSC_LAB_3_YALAZ", "CSC_LAB_3_YALAZ\CSC_LAB_3_YALAZ.pyproj", "{63CE2725-7432-4A9E-890B-8D7005AF9A8B}"
EndProject
Global
	GlobalSection(SolutionConfigurationPlatforms) = preSolution
		Debug|Any CPU = Debug|Any CPU
		Release|Any CPU = Release|Any CPU
	EndGlobalSection
	GlobalSection(ProjectConfigurationPlatforms) = postSolution
		{63CE2725-7432-4A9E-890B-8D7005AF9A8B}.Debug|Any CPU.ActiveCfg = Debug|Any CPU
		{63CE2725-7432-4A9E-890B-8D7005AF9A8B}.Release|Any CPU.ActiveCfg = Release|Any CPU
	EndGlobalSection
	GlobalSection(SolutionProperties) = preSolution
		HideSolutionNode = FALSE
	EndGlobalSection
	GlobalSection(ExtensibilityGlobals) = postSolution
		SolutionGuid = {A21D6455-D4F3-4139-91F1-10F796ABD4B2}
	EndGlobalSection
EndGlobal
